
Microsoft Visual Studio Solution File, Format Version 12.00
# Visual Studio Version 16
VisualStudioVersion = 16.0.30503.244
MinimumVisualStudioVersion = 10.0.40219.1
Project("{FAE04EC0-301F-11D3-BF4B-00C04F79EFBC}") = "Render Engine Test", "Render Engine Test\Render Engine Test.csproj", "{003D51D9-B4F0-439A-AD3C-8C73E9E5BCFB}"
EndProject
Project("{9A19103F-16F7-4668-BE54-9A1E7A4F7556}") = "Utilities", "..\Utilities\Utilities\Utilities.csproj", "{91E7079C-F90D-4657-8026-752A395B281F}"
EndProject
Global
	GlobalSection(SolutionConfigurationPlatforms) = preSolution
		Debug|Any CPU = Debug|Any CPU
		Release|Any CPU = Release|Any CPU
	EndGlobalSection
	GlobalSection(ProjectConfigurationPlatforms) = postSolution
		{003D51D9-B4F0-439A-AD3C-8C73E9E5BCFB}.Debug|Any CPU.ActiveCfg = Debug|Any CPU
		{003D51D9-B4F0-439A-AD3C-8C73E9E5BCFB}.Debug|Any CPU.Build.0 = Debug|Any CPU
		{003D51D9-B4F0-439A-AD3C-8C73E9E5BCFB}.Release|Any CPU.ActiveCfg = Release|Any CPU
		{003D51D9-B4F0-439A-AD3C-8C73E9E5BCFB}.Release|Any CPU.Build.0 = Release|Any CPU
		{91E7079C-F90D-4657-8026-752A395B281F}.Debug|Any CPU.ActiveCfg = Debug|Any CPU
		{91E7079C-F90D-4657-8026-752A395B281F}.Debug|Any CPU.Build.0 = Debug|Any CPU
		{91E7079C-F90D-4657-8026-752A395B281F}.Release|Any CPU.ActiveCfg = Release|Any CPU
		{91E7079C-F90D-4657-8026-752A395B281F}.Release|Any CPU.Build.0 = Release|Any CPU
	EndGlobalSection
	GlobalSection(SolutionProperties) = preSolution
		HideSolutionNode = FALSE
	EndGlobalSection
	GlobalSection(ExtensibilityGlobals) = postSolution
		SolutionGuid = {74B59306-9420-4CAE-92C2-3CD437909F77}
	EndGlobalSection
EndGlobal
